{
  "name": "mynode",
  "version": "1.0.0",
  "lockfileVersion": 1,
  "requires": true,
  "dependencies": {
    "moveto": {
      "version": "1.7.3",
      "resolved": "https://registry.npmjs.org/moveto/-/moveto-1.7.3.tgz",
      "integrity": "sha512-N+MozTkd0PcVYSm884bo/poidpE2r9V47TjTtNtO+g/EldZ5ACd8FzMbejH79CNAME3c6TRRb/JAlUlNIbxNZg=="
    }
  }
}
